
Microsoft Visual Studio Solution File, Format Version 12.00
# Visual Studio Version 17
VisualStudioVersion = 17.0.31903.59
MinimumVisualStudioVersion = 10.0.40219.1
Project("{2150E333-8FDC-42A3-9474-1A3956D46DE8}") = "src", "src", "{827E0CD3-B72D-47B6-A68D-7590B98EB39B}"
EndProject
Project("{FAE04EC0-301F-11D3-BF4B-00C04F79EFBC}") = "ECommerce.Domain", "src\ECommerce.Domain\ECommerce.Domain.csproj", "{A6CD670E-2723-433F-A319-D43132A9F241}"
EndProject
Project("{FAE04EC0-301F-11D3-BF4B-00C04F79EFBC}") = "ECommerce.Application", "src\ECommerce.Application\ECommerce.Application.csproj", "{690D65FC-63DD-4FDC-8667-AFFCC93A5347}"
EndProject
Project("{FAE04EC0-301F-11D3-BF4B-00C04F79EFBC}") = "ECommerce.Infrastructure", "src\ECommerce.Infrastructure\ECommerce.Infrastructure.csproj", "{C6E5BA76-FFD4-4AA4-B247-079E07D4D583}"
EndProject
Project("{FAE04EC0-301F-11D3-BF4B-00C04F79EFBC}") = "ECommerce.Api", "src\ECommerce.Api\ECommerce.Api.csproj", "{4CDADD95-58D9-4EB8-99CB-4A97698027BC}"
EndProject
Project("{2150E333-8FDC-42A3-9474-1A3956D46DE8}") = "tests", "tests", "{0AB3BF05-4346-4AA6-1389-037BE0695223}"
EndProject
Project("{FAE04EC0-301F-11D3-BF4B-00C04F79EFBC}") = "ECommerce.Domain.UnitTests", "tests\ECommerce.Domain.UnitTests\ECommerce.Domain.UnitTests.csproj", "{8214CF43-CED0-453B-AF34-AD60E6B0803B}"
EndProject
Project("{FAE04EC0-301F-11D3-BF4B-00C04F79EFBC}") = "ECommerce.Application.UnitTests", "tests\ECommerce.Application.UnitTests\ECommerce.Application.UnitTests.csproj", "{A7E5951D-EE3F-4964-AC89-2A4D45EE9A1E}"
EndProject
Project("{FAE04EC0-301F-11D3-BF4B-00C04F79EFBC}") = "ECommerce.Api.IntegrationTests", "tests\ECommerce.Api.IntegrationTests\ECommerce.Api.IntegrationTests.csproj", "{4EDC4CE2-60E1-4E94-8709-C7F6CBC04408}"
EndProject
Global
	GlobalSection(SolutionConfigurationPlatforms) = preSolution
		Debug|Any CPU = Debug|Any CPU
		Debug|x64 = Debug|x64
		Debug|x86 = Debug|x86
		Release|Any CPU = Release|Any CPU
		Release|x64 = Release|x64
		Release|x86 = Release|x86
	EndGlobalSection
	GlobalSection(ProjectConfigurationPlatforms) = postSolution
		{A6CD670E-2723-433F-A319-D43132A9F241}.Debug|Any CPU.ActiveCfg = Debug|Any CPU
		{A6CD670E-2723-433F-A319-D43132A9F241}.Debug|Any CPU.Build.0 = Debug|Any CPU
		{A6CD670E-2723-433F-A319-D43132A9F241}.Debug|x64.ActiveCfg = Debug|Any CPU
		{A6CD670E-2723-433F-A319-D43132A9F241}.Debug|x64.Build.0 = Debug|Any CPU
		{A6CD670E-2723-433F-A319-D43132A9F241}.Debug|x86.ActiveCfg = Debug|Any CPU
		{A6CD670E-2723-433F-A319-D43132A9F241}.Debug|x86.Build.0 = Debug|Any CPU
		{A6CD670E-2723-433F-A319-D43132A9F241}.Release|Any CPU.ActiveCfg = Release|Any CPU
		{A6CD670E-2723-433F-A319-D43132A9F241}.Release|Any CPU.Build.0 = Release|Any CPU
		{A6CD670E-2723-433F-A319-D43132A9F241}.Release|x64.ActiveCfg = Release|Any CPU
		{A6CD670E-2723-433F-A319-D43132A9F241}.Release|x64.Build.0 = Release|Any CPU
		{A6CD670E-2723-433F-A319-D43132A9F241}.Release|x86.ActiveCfg = Release|Any CPU
		{A6CD670E-2723-433F-A319-D43132A9F241}.Release|x86.Build.0 = Release|Any CPU
		{690D65FC-63DD-4FDC-8667-AFFCC93A5347}.Debug|Any CPU.ActiveCfg = Debug|Any CPU
		{690D65FC-63DD-4FDC-8667-AFFCC93A5347}.Debug|Any CPU.Build.0 = Debug|Any CPU
		{690D65FC-63DD-4FDC-8667-AFFCC93A5347}.Debug|x64.ActiveCfg = Debug|Any CPU
		{690D65FC-63DD-4FDC-8667-AFFCC93A5347}.Debug|x64.Build.0 = Debug|Any CPU
		{690D65FC-63DD-4FDC-8667-AFFCC93A5347}.Debug|x86.ActiveCfg = Debug|Any CPU
		{690D65FC-63DD-4FDC-8667-AFFCC93A5347}.Debug|x86.Build.0 = Debug|Any CPU
		{690D65FC-63DD-4FDC-8667-AFFCC93A5347}.Release|Any CPU.ActiveCfg = Release|Any CPU
		{690D65FC-63DD-4FDC-8667-AFFCC93A5347}.Release|Any CPU.Build.0 = Release|Any CPU
		{690D65FC-63DD-4FDC-8667-AFFCC93A5347}.Release|x64.ActiveCfg = Release|Any CPU
		{690D65FC-63DD-4FDC-8667-AFFCC93A5347}.Release|x64.Build.0 = Release|Any CPU
		{690D65FC-63DD-4FDC-8667-AFFCC93A5347}.Release|x86.ActiveCfg = Release|Any CPU
		{690D65FC-63DD-4FDC-8667-AFFCC93A5347}.Release|x86.Build.0 = Release|Any CPU
		{C6E5BA76-FFD4-4AA4-B247-079E07D4D583}.Debug|Any CPU.ActiveCfg = Debug|Any CPU
		{C6E5BA76-FFD4-4AA4-B247-079E07D4D583}.Debug|Any CPU.Build.0 = Debug|Any CPU
		{C6E5BA76-FFD4-4AA4-B247-079E07D4D583}.Debug|x64.ActiveCfg = Debug|Any CPU
		{C6E5BA76-FFD4-4AA4-B247-079E07D4D583}.Debug|x64.Build.0 = Debug|Any CPU
		{C6E5BA76-FFD4-4AA4-B247-079E07D4D583}.Debug|x86.ActiveCfg = Debug|Any CPU
		{C6E5BA76-FFD4-4AA4-B247-079E07D4D583}.Debug|x86.Build.0 = Debug|Any CPU
		{C6E5BA76-FFD4-4AA4-B247-079E07D4D583}.Release|Any CPU.ActiveCfg = Release|Any CPU
		{C6E5BA76-FFD4-4AA4-B247-079E07D4D583}.Release|Any CPU.Build.0 = Release|Any CPU
		{C6E5BA76-FFD4-4AA4-B247-079E07D4D583}.Release|x64.ActiveCfg = Release|Any CPU
		{C6E5BA76-FFD4-4AA4-B247-079E07D4D583}.Release|x64.Build.0 = Release|Any CPU
		{C6E5BA76-FFD4-4AA4-B247-079E07D4D583}.Release|x86.ActiveCfg = Release|Any CPU
		{C6E5BA76-FFD4-4AA4-B247-079E07D4D583}.Release|x86.Build.0 = Release|Any CPU
		{4CDADD95-58D9-4EB8-99CB-4A97698027BC}.Debug|Any CPU.ActiveCfg = Debug|Any CPU
		{4CDADD95-58D9-4EB8-99CB-4A97698027BC}.Debug|Any CPU.Build.0 = Debug|Any CPU
		{4CDADD95-58D9-4EB8-99CB-4A97698027BC}.Debug|x64.ActiveCfg = Debug|Any CPU
		{4CDADD95-58D9-4EB8-99CB-4A97698027BC}.Debug|x64.Build.0 = Debug|Any CPU
		{4CDADD95-58D9-4EB8-99CB-4A97698027BC}.Debug|x86.ActiveCfg = Debug|Any CPU
		{4CDADD95-58D9-4EB8-99CB-4A97698027BC}.Debug|x86.Build.0 = Debug|Any CPU
		{4CDADD95-58D9-4EB8-99CB-4A97698027BC}.Release|Any CPU.ActiveCfg = Release|Any CPU
		{4CDADD95-58D9-4EB8-99CB-4A97698027BC}.Release|Any CPU.Build.0 = Release|Any CPU
		{4CDADD95-58D9-4EB8-99CB-4A97698027BC}.Release|x64.ActiveCfg = Release|Any CPU
		{4CDADD95-58D9-4EB8-99CB-4A97698027BC}.Release|x64.Build.0 = Release|Any CPU
		{4CDADD95-58D9-4EB8-99CB-4A97698027BC}.Release|x86.ActiveCfg = Release|Any CPU
		{4CDADD95-58D9-4EB8-99CB-4A97698027BC}.Release|x86.Build.0 = Release|Any CPU
		{8214CF43-CED0-453B-AF34-AD60E6B0803B}.Debug|Any CPU.ActiveCfg = Debug|Any CPU
		{8214CF43-CED0-453B-AF34-AD60E6B0803B}.Debug|Any CPU.Build.0 = Debug|Any CPU
		{8214CF43-CED0-453B-AF34-AD60E6B0803B}.Debug|x64.ActiveCfg = Debug|Any CPU
		{8214CF43-CED0-453B-AF34-AD60E6B0803B}.Debug|x64.Build.0 = Debug|Any CPU
		{8214CF43-CED0-453B-AF34-AD60E6B0803B}.Debug|x86.ActiveCfg = Debug|Any CPU
		{8214CF43-CED0-453B-AF34-AD60E6B0803B}.Debug|x86.Build.0 = Debug|Any CPU
		{8214CF43-CED0-453B-AF34-AD60E6B0803B}.Release|Any CPU.ActiveCfg = Release|Any CPU
		{8214CF43-CED0-453B-AF34-AD60E6B0803B}.Release|Any CPU.Build.0 = Release|Any CPU
		{8214CF43-CED0-453B-AF34-AD60E6B0803B}.Release|x64.ActiveCfg = Release|Any CPU
		{8214CF43-CED0-453B-AF34-AD60E6B0803B}.Release|x64.Build.0 = Release|Any CPU
		{8214CF43-CED0-453B-AF34-AD60E6B0803B}.Release|x86.ActiveCfg = Release|Any CPU
		{8214CF43-CED0-453B-AF34-AD60E6B0803B}.Release|x86.Build.0 = Release|Any CPU
		{A7E5951D-EE3F-4964-AC89-2A4D45EE9A1E}.Debug|Any CPU.ActiveCfg = Debug|Any CPU
		{A7E5951D-EE3F-4964-AC89-2A4D45EE9A1E}.Debug|Any CPU.Build.0 = Debug|Any CPU
		{A7E5951D-EE3F-4964-AC89-2A4D45EE9A1E}.Debug|x64.ActiveCfg = Debug|Any CPU
		{A7E5951D-EE3F-4964-AC89-2A4D45EE9A1E}.Debug|x64.Build.0 = Debug|Any CPU
		{A7E5951D-EE3F-4964-AC89-2A4D45EE9A1E}.Debug|x86.ActiveCfg = Debug|Any CPU
		{A7E5951D-EE3F-4964-AC89-2A4D45EE9A1E}.Debug|x86.Build.0 = Debug|Any CPU
		{A7E5951D-EE3F-4964-AC89-2A4D45EE9A1E}.Release|Any CPU.ActiveCfg = Release|Any CPU
		{A7E5951D-EE3F-4964-AC89-2A4D45EE9A1E}.Release|Any CPU.Build.0 = Release|Any CPU
		{A7E5951D-EE3F-4964-AC89-2A4D45EE9A1E}.Release|x64.ActiveCfg = Release|Any CPU
		{A7E5951D-EE3F-4964-AC89-2A4D45EE9A1E}.Release|x64.Build.0 = Release|Any CPU
		{A7E5951D-EE3F-4964-AC89-2A4D45EE9A1E}.Release|x86.ActiveCfg = Release|Any CPU
		{A7E5951D-EE3F-4964-AC89-2A4D45EE9A1E}.Release|x86.Build.0 = Release|Any CPU
		{4EDC4CE2-60E1-4E94-8709-C7F6CBC04408}.Debug|Any CPU.ActiveCfg = Debug|Any CPU
		{4EDC4CE2-60E1-4E94-8709-C7F6CBC04408}.Debug|Any CPU.Build.0 = Debug|Any CPU
		{4EDC4CE2-60E1-4E94-8709-C7F6CBC04408}.Debug|x64.ActiveCfg = Debug|Any CPU
		{4EDC4CE2-60E1-4E94-8709-C7F6CBC04408}.Debug|x64.Build.0 = Debug|Any CPU
		{4EDC4CE2-60E1-4E94-8709-C7F6CBC04408}.Debug|x86.ActiveCfg = Debug|Any CPU
		{4EDC4CE2-60E1-4E94-8709-C7F6CBC04408}.Debug|x86.Build.0 = Debug|Any CPU
		{4EDC4CE2-60E1-4E94-8709-C7F6CBC04408}.Release|Any CPU.ActiveCfg = Release|Any CPU
		{4EDC4CE2-60E1-4E94-8709-C7F6CBC04408}.Release|Any CPU.Build.0 = Release|Any CPU
		{4EDC4CE2-60E1-4E94-8709-C7F6CBC04408}.Release|x64.ActiveCfg = Release|Any CPU
		{4EDC4CE2-60E1-4E94-8709-C7F6CBC04408}.Release|x64.Build.0 = Release|Any CPU
		{4EDC4CE2-60E1-4E94-8709-C7F6CBC04408}.Release|x86.ActiveCfg = Release|Any CPU
		{4EDC4CE2-60E1-4E94-8709-C7F6CBC04408}.Release|x86.Build.0 = Release|Any CPU
	EndGlobalSection
	GlobalSection(SolutionProperties) = preSolution
		HideSolutionNode = FALSE
	EndGlobalSection
	GlobalSection(NestedProjects) = preSolution
		{A6CD670E-2723-433F-A319-D43132A9F241} = {827E0CD3-B72D-47B6-A68D-7590B98EB39B}
		{690D65FC-63DD-4FDC-8667-AFFCC93A5347} = {827E0CD3-B72D-47B6-A68D-7590B98EB39B}
		{C6E5BA76-FFD4-4AA4-B247-079E07D4D583} = {827E0CD3-B72D-47B6-A68D-7590B98EB39B}
		{4CDADD95-58D9-4EB8-99CB-4A97698027BC} = {827E0CD3-B72D-47B6-A68D-7590B98EB39B}
		{8214CF43-CED0-453B-AF34-AD60E6B0803B} = {0AB3BF05-4346-4AA6-1389-037BE0695223}
		{A7E5951D-EE3F-4964-AC89-2A4D45EE9A1E} = {0AB3BF05-4346-4AA6-1389-037BE0695223}
		{4EDC4CE2-60E1-4E94-8709-C7F6CBC04408} = {0AB3BF05-4346-4AA6-1389-037BE0695223}
	EndGlobalSection
EndGlobal
